github.com/ettle/strcase v0.2.0 h1:fGNiVF21fHXpX1niBgk0aROov1LagYsOwV/xqKDKR/Q=
github.com/ettle/strcase v0.2.0/go.mod h1:DajmHElDSaX76ITe3/VHVyMin4LWSJN5Z909Wp+ED1A=
github.com/henriqueleite42/anvil/language-helpers/golang v0.0.0-20250531153701-784be4cbe9dd h1:RhgWCHIgjiU9+PRn9BQ13FqgmUG76NTIHhZheOiWxkM=
github.com/henriqueleite42/anvil/language-helpers/golang v0.0.0-20250531153701-784be4cbe9dd/go.mod h1:1aCAFI8VjcMPFPPx55qS1gV768EL24uu7veUx1SsPpE=
github.com/henriqueleite42/anvil/language-helpers/golang v0.0.0-20250630021740-0ba6481a672e h1:jaJRRftLZX1sy1gQFrth8Rahj+H31KY95jx0Mcn46Lw=
github.com/henriqueleite42/anvil/language-helpers/golang v0.0.0-20250630021740-0ba6481a672e/go.mod h1:1aCAFI8VjcMPFPPx55qS1gV768EL24uu7veUx1SsPpE=
github.com/henriqueleite42/anvil/language-helpers/golang v0.0.0-20250630022315-7cc90d3f6f44 h1:VJobneV0/XwzAgNIdfVM3HpCxfnXEHWq4wIfoRkzMUQ=
github.com/henriqueleite42/anvil/language-helpers/golang v0.0.0-20250630022315-7cc90d3f6f44/go.mod h1:1aCAFI8VjcMPFPPx55qS1gV768EL24uu7veUx1SsPpE=
github.com/henriqueleite42/anvil/language-helpers/golang v0.0.0-20250630022617-23c37c204327 h1:SdDWVyGtAJzd1FlwOXVPPmW85an03TPtcs011NNl9zE=
github.com/henriqueleite42/anvil/language-helpers/golang v0.0.0-20250630022617-23c37c204327/go.mod h1:1aCAFI8VjcMPFPPx55qS1gV768EL24uu7veUx1SsPpE=
github.com/henriqueleite42/anvil/language-helpers/golang v0.0.0-20250630022927-93c487203b4c h1:mjIN8N1JLXiYLf/PQv19DB8nvgIIVeP98hsQDLQ+L3s=
github.com/henriqueleite42/anvil/language-helpers/golang v0.0.0-20250630022927-93c487203b4c/go.mod h1:1aCAFI8VjcMPFPPx55qS1gV768EL24uu7veUx1SsPpE=
gopkg.in/check.v1 v0.0.0-20161208181325-20d25e280405 h1:yhCVgyC4o1eVCa2tZl7eS0r+SDo693bJlVdllGtEeKM=
gopkg.in/check.v1 v0.0.0-20161208181325-20d25e280405/go.mod h1:Co6ibVJAznAaIkqp8huTwlJQCZ016jof/cbN4VW5Yz0=
gopkg.in/yaml.v3 v3.0.1 h1:fxVm/GzAzEWqLHuvctI91KS9hhNmmWOoWu0XTYJS7CA=
gopkg.in/yaml.v3 v3.0.1/go.mod h1:K4uyk7z7BCEPqu6E+C64Yfv1cQ7kz7rIZviUmN+EgEM=
