github.com/henriqueleite42/anvil/language-helpers/golang v0.0.0-20240926193919-c12edacca189 h1:S100YyQ7hEvBmsGtdXf+u91kSuvWtAfquwfV+PKKFtk=
github.com/henriqueleite42/anvil/language-helpers/golang v0.0.0-20240926193919-c12edacca189/go.mod h1:1aCAFI8VjcMPFPPx55qS1gV768EL24uu7veUx1SsPpE=
github.com/henriqueleite42/anvil/language-helpers/golang v0.0.0-20241010184842-8fb51371d36e h1:11QgPsN0qUiarqsYsjHumahg3vs7HwfjyeCPrcFd8N8=
github.com/henriqueleite42/anvil/language-helpers/golang v0.0.0-20241010184842-8fb51371d36e/go.mod h1:1aCAFI8VjcMPFPPx55qS1gV768EL24uu7veUx1SsPpE=
github.com/henriqueleite42/anvil/language-helpers/golang v0.0.0-20241018124036-a3e1aca91352 h1:pA1lDpK9YOvPyWZRcPYh/L9uZxUkFgtrjk2Lks7TWdU=
github.com/henriqueleite42/anvil/language-helpers/golang v0.0.0-20241018124036-a3e1aca91352/go.mod h1:1aCAFI8VjcMPFPPx55qS1gV768EL24uu7veUx1SsPpE=
github.com/henriqueleite42/anvil/language-helpers/golang v0.0.0-20241022180453-ff4469c51310 h1:OEoJW2Kzh4XJx1yBOjittAt6plWwqn21rsWzteE1QEg=
github.com/henriqueleite42/anvil/language-helpers/golang v0.0.0-20241022180453-ff4469c51310/go.mod h1:1aCAFI8VjcMPFPPx55qS1gV768EL24uu7veUx1SsPpE=
gopkg.in/check.v1 v0.0.0-20161208181325-20d25e280405 h1:yhCVgyC4o1eVCa2tZl7eS0r+SDo693bJlVdllGtEeKM=
gopkg.in/check.v1 v0.0.0-20161208181325-20d25e280405/go.mod h1:Co6ibVJAznAaIkqp8huTwlJQCZ016jof/cbN4VW5Yz0=
gopkg.in/yaml.v3 v3.0.1 h1:fxVm/GzAzEWqLHuvctI91KS9hhNmmWOoWu0XTYJS7CA=
gopkg.in/yaml.v3 v3.0.1/go.mod h1:K4uyk7z7BCEPqu6E+C64Yfv1cQ7kz7rIZviUmN+EgEM=
