github.com/henriqueleite42/anvil/language-helpers/golang v0.0.0-20241004164958-40dfc03f6f86 h1:G9mXQ00LvS6j7SipnwvHB32TUFiayhW7l6erzpD5sCo=
github.com/henriqueleite42/anvil/language-helpers/golang v0.0.0-20241004164958-40dfc03f6f86/go.mod h1:1aCAFI8VjcMPFPPx55qS1gV768EL24uu7veUx1SsPpE=
github.com/henriqueleite42/anvil/language-helpers/golang v0.0.0-20241004170513-6ab88534c715 h1:wItkdFRJ/TvCKBTSZMshzBjoqZfMYqi8SkH0WNvIV+s=
github.com/henriqueleite42/anvil/language-helpers/golang v0.0.0-20241004170513-6ab88534c715/go.mod h1:1aCAFI8VjcMPFPPx55qS1gV768EL24uu7veUx1SsPpE=
github.com/henriqueleite42/anvil/language-helpers/golang v0.0.0-20241004172056-43f29267898a h1:9Ebh5gDAizBvKOmt+OHo+rJE6DWIriUL060P6xIZch0=
github.com/henriqueleite42/anvil/language-helpers/golang v0.0.0-20241004172056-43f29267898a/go.mod h1:1aCAFI8VjcMPFPPx55qS1gV768EL24uu7veUx1SsPpE=
github.com/henriqueleite42/anvil/language-helpers/golang v0.0.0-20241004172226-3bf1e06d10e6 h1:WCBmxDDJCEL8fQbubgg9UaWvPtjKcFLPI+Kqyew9a5Q=
github.com/henriqueleite42/anvil/language-helpers/golang v0.0.0-20241004172226-3bf1e06d10e6/go.mod h1:1aCAFI8VjcMPFPPx55qS1gV768EL24uu7veUx1SsPpE=
github.com/henriqueleite42/anvil/language-helpers/golang v0.0.0-20241004172348-6051074d2449 h1:uM/0Sw2o52NYI0YnDwy8ni9K+IIOiJi9vip7DNtD0wU=
github.com/henriqueleite42/anvil/language-helpers/golang v0.0.0-20241004172348-6051074d2449/go.mod h1:1aCAFI8VjcMPFPPx55qS1gV768EL24uu7veUx1SsPpE=
github.com/henriqueleite42/anvil/language-helpers/golang v0.0.0-20241004172608-8a152951ced6 h1:lpm/fxLxPz4aXsTNABgNRXupYfPF7FmF6hL0lgq4KX4=
github.com/henriqueleite42/anvil/language-helpers/golang v0.0.0-20241004172608-8a152951ced6/go.mod h1:1aCAFI8VjcMPFPPx55qS1gV768EL24uu7veUx1SsPpE=
github.com/henriqueleite42/anvil/language-helpers/golang v0.0.0-20241004172915-261dc7a7bb07 h1:pCdQLKPIGwNogwNTI0ApFHABxGeXCFaT/JW//2qg/8U=
github.com/henriqueleite42/anvil/language-helpers/golang v0.0.0-20241004172915-261dc7a7bb07/go.mod h1:1aCAFI8VjcMPFPPx55qS1gV768EL24uu7veUx1SsPpE=
github.com/henriqueleite42/anvil/language-helpers/golang v0.0.0-20241004173159-a52f7b7c419a h1:huFSXryvqn3y/v7VSUY3plrr4RB+cH5Xcr9ofoABqk8=
github.com/henriqueleite42/anvil/language-helpers/golang v0.0.0-20241004173159-a52f7b7c419a/go.mod h1:1aCAFI8VjcMPFPPx55qS1gV768EL24uu7veUx1SsPpE=
github.com/henriqueleite42/anvil/language-helpers/golang v0.0.0-20241004173947-27084c5f541f h1:pc3+OfSwWMPl98p/ziiN4bblPrfRd5Ph2WVKLJ0gE3k=
github.com/henriqueleite42/anvil/language-helpers/golang v0.0.0-20241004173947-27084c5f541f/go.mod h1:1aCAFI8VjcMPFPPx55qS1gV768EL24uu7veUx1SsPpE=
github.com/henriqueleite42/anvil/language-helpers/golang v0.0.0-20241004174236-d2111c4a068a h1:C+hYU2nkHMza2kRBXM9GdqJKIP7FON6p1GO+K8JZZ/A=
github.com/henriqueleite42/anvil/language-helpers/golang v0.0.0-20241004174236-d2111c4a068a/go.mod h1:1aCAFI8VjcMPFPPx55qS1gV768EL24uu7veUx1SsPpE=
github.com/henriqueleite42/anvil/language-helpers/golang v0.0.0-20241004182941-fc7def03f80d h1:DaCDHBiCopr4MN0dH8kdHHDwWsfiCSCIv8xmT7+vJ6I=
github.com/henriqueleite42/anvil/language-helpers/golang v0.0.0-20241004182941-fc7def03f80d/go.mod h1:1aCAFI8VjcMPFPPx55qS1gV768EL24uu7veUx1SsPpE=
github.com/henriqueleite42/anvil/language-helpers/golang v0.0.0-20241004183850-c743b161ddcb h1:1tf1YuVKhAHXOsV3blig7c5QNS6sniH9vJorpZGJkLM=
github.com/henriqueleite42/anvil/language-helpers/golang v0.0.0-20241004183850-c743b161ddcb/go.mod h1:1aCAFI8VjcMPFPPx55qS1gV768EL24uu7veUx1SsPpE=
github.com/henriqueleite42/anvil/language-helpers/golang v0.0.0-20241006135659-723ed503b88c h1:dJCErc9qqHXh5JW3+tku/gP4hKsicG9vgxYkYGdPBlw=
github.com/henriqueleite42/anvil/language-helpers/golang v0.0.0-20241006135659-723ed503b88c/go.mod h1:1aCAFI8VjcMPFPPx55qS1gV768EL24uu7veUx1SsPpE=
github.com/henriqueleite42/anvil/language-helpers/golang v0.0.0-20241006141545-7075507c1788 h1:C3FHAxnqmtzBP9ow9h5zePqDBBfnRx/Ly+WM3MTT6J4=
github.com/henriqueleite42/anvil/language-helpers/golang v0.0.0-20241006141545-7075507c1788/go.mod h1:1aCAFI8VjcMPFPPx55qS1gV768EL24uu7veUx1SsPpE=
github.com/henriqueleite42/anvil/language-helpers/golang v0.0.0-20241006152846-51ec93442660 h1:uruc432NA0Snx7sxABGnyyYQv/0UEvVf7VCVENFJmCE=
github.com/henriqueleite42/anvil/language-helpers/golang v0.0.0-20241006152846-51ec93442660/go.mod h1:1aCAFI8VjcMPFPPx55qS1gV768EL24uu7veUx1SsPpE=
github.com/henriqueleite42/anvil/language-helpers/golang v0.0.0-20241006153832-869f8b076d78 h1:e5Fq7X/H8VIS6XzfnLDDfz8ijTgQipaIVgDDEoqcLSk=
github.com/henriqueleite42/anvil/language-helpers/golang v0.0.0-20241006153832-869f8b076d78/go.mod h1:1aCAFI8VjcMPFPPx55qS1gV768EL24uu7veUx1SsPpE=
github.com/henriqueleite42/anvil/language-helpers/golang v0.0.0-20241006153958-a65e3dae8278 h1:R5c/fDCA113eY9dgdDXJuDAEVf5VGuEVu9HIWxdMDb0=
github.com/henriqueleite42/anvil/language-helpers/golang v0.0.0-20241006153958-a65e3dae8278/go.mod h1:1aCAFI8VjcMPFPPx55qS1gV768EL24uu7veUx1SsPpE=
github.com/henriqueleite42/anvil/language-helpers/golang v0.0.0-20241006154527-7ee7f550c905 h1:z7AAprt3OAba7C5aebqISm+QYsMX9rYSciMxUCxziPM=
github.com/henriqueleite42/anvil/language-helpers/golang v0.0.0-20241006154527-7ee7f550c905/go.mod h1:1aCAFI8VjcMPFPPx55qS1gV768EL24uu7veUx1SsPpE=
github.com/henriqueleite42/anvil/language-helpers/golang v0.0.0-20241006154646-cc98bcb5342d h1:QlciwmPLdI0S/Nf5JTvUUBo63iINMlGrBcGSIDVJIIE=
github.com/henriqueleite42/anvil/language-helpers/golang v0.0.0-20241006154646-cc98bcb5342d/go.mod h1:1aCAFI8VjcMPFPPx55qS1gV768EL24uu7veUx1SsPpE=
github.com/henriqueleite42/anvil/language-helpers/golang v0.0.0-20241006160141-ffebbeff0605 h1:8gp8HA9458s1DJl/xXFoPA+wnMb9v7e+ce3f5YJfVS4=
github.com/henriqueleite42/anvil/language-helpers/golang v0.0.0-20241006160141-ffebbeff0605/go.mod h1:1aCAFI8VjcMPFPPx55qS1gV768EL24uu7veUx1SsPpE=
github.com/henriqueleite42/anvil/language-helpers/golang v0.0.0-20241006161742-ee70278dcd15 h1:bMuzmKIvc00oxqGPkwr3snRQwtyRy56jE7uOVkoHUzY=
github.com/henriqueleite42/anvil/language-helpers/golang v0.0.0-20241006161742-ee70278dcd15/go.mod h1:1aCAFI8VjcMPFPPx55qS1gV768EL24uu7veUx1SsPpE=
github.com/henriqueleite42/anvil/language-helpers/golang v0.0.0-20241007163303-167e207f7547 h1:QrO0vlWHoSvFu672gRJJQ4B7jPlWBV0MtxpadKhK+v0=
github.com/henriqueleite42/anvil/language-helpers/golang v0.0.0-20241007163303-167e207f7547/go.mod h1:1aCAFI8VjcMPFPPx55qS1gV768EL24uu7veUx1SsPpE=
github.com/henriqueleite42/anvil/language-helpers/golang v0.0.0-20241007164203-5e502fb9de03 h1:C1eBAeGO8YRfddB1Y78TGEXpbgxL+WPSHomdbiZercs=
github.com/henriqueleite42/anvil/language-helpers/golang v0.0.0-20241007164203-5e502fb9de03/go.mod h1:1aCAFI8VjcMPFPPx55qS1gV768EL24uu7veUx1SsPpE=
github.com/henriqueleite42/anvil/language-helpers/golang v0.0.0-20241007205101-69f3ca2287d6 h1:AvlvoP9MDX2z0smTTM+VZPTiT5qtc8zHrdHC0R6kBh4=
github.com/henriqueleite42/anvil/language-helpers/golang v0.0.0-20241007205101-69f3ca2287d6/go.mod h1:1aCAFI8VjcMPFPPx55qS1gV768EL24uu7veUx1SsPpE=
github.com/henriqueleite42/anvil/language-helpers/golang v0.0.0-20241007205732-4986e7a31a30 h1:aNhNtTb7anvO0xONWYu18LlUM4v96+uCXCKviFhMuKk=
github.com/henriqueleite42/anvil/language-helpers/golang v0.0.0-20241007205732-4986e7a31a30/go.mod h1:1aCAFI8VjcMPFPPx55qS1gV768EL24uu7veUx1SsPpE=
