github.com/henriqueleite42/anvil/language-helpers/golang v0.0.0-20241009123529-3f5a6e3923da h1:AkXG7qVz83OY9c3K0g2EYYOupVD7hcXIBABDUG67yTs=
github.com/henriqueleite42/anvil/language-helpers/golang v0.0.0-20241009123529-3f5a6e3923da/go.mod h1:1aCAFI8VjcMPFPPx55qS1gV768EL24uu7veUx1SsPpE=
github.com/henriqueleite42/anvil/language-helpers/golang v0.0.0-20241009133627-559ceea26a60 h1:5v6eTBrYm3GSs/bKkY1VTEeJZHrMoIsDDIA4P3SY63I=
github.com/henriqueleite42/anvil/language-helpers/golang v0.0.0-20241009133627-559ceea26a60/go.mod h1:1aCAFI8VjcMPFPPx55qS1gV768EL24uu7veUx1SsPpE=
github.com/henriqueleite42/anvil/language-helpers/golang v0.0.0-20241011201758-260ce3291fcf h1:SuzRzHQndJ5gP/3OvcCsLrlSymu2Mx1zLYQ+DDGoheg=
github.com/henriqueleite42/anvil/language-helpers/golang v0.0.0-20241011201758-260ce3291fcf/go.mod h1:1aCAFI8VjcMPFPPx55qS1gV768EL24uu7veUx1SsPpE=
github.com/henriqueleite42/anvil/language-helpers/golang v0.0.0-20241013015027-5b720200bdbf h1:A4HvC2/r+cPwbnOC9h6OWLvDVh284a6bkzTQ5z7DG/8=
github.com/henriqueleite42/anvil/language-helpers/golang v0.0.0-20241013015027-5b720200bdbf/go.mod h1:1aCAFI8VjcMPFPPx55qS1gV768EL24uu7veUx1SsPpE=
github.com/henriqueleite42/anvil/language-helpers/golang v0.0.0-20241018124036-a3e1aca91352 h1:pA1lDpK9YOvPyWZRcPYh/L9uZxUkFgtrjk2Lks7TWdU=
github.com/henriqueleite42/anvil/language-helpers/golang v0.0.0-20241018124036-a3e1aca91352/go.mod h1:1aCAFI8VjcMPFPPx55qS1gV768EL24uu7veUx1SsPpE=
github.com/henriqueleite42/anvil/language-helpers/golang v0.0.0-20241018161737-d392ed7bb538 h1:j33uE2VvN2lSMZSc7VrTuWzRI299pfAA5dnLSw30hdc=
github.com/henriqueleite42/anvil/language-helpers/golang v0.0.0-20241018161737-d392ed7bb538/go.mod h1:1aCAFI8VjcMPFPPx55qS1gV768EL24uu7veUx1SsPpE=
github.com/henriqueleite42/anvil/language-helpers/golang v0.0.0-20241022180453-ff4469c51310 h1:OEoJW2Kzh4XJx1yBOjittAt6plWwqn21rsWzteE1QEg=
github.com/henriqueleite42/anvil/language-helpers/golang v0.0.0-20241022180453-ff4469c51310/go.mod h1:1aCAFI8VjcMPFPPx55qS1gV768EL24uu7veUx1SsPpE=
github.com/henriqueleite42/anvil/language-helpers/golang v0.0.0-20241027182947-2f3b399e3445 h1:4b+hJVl75BRJl1lvwSRVCXKtyRYTa9pvMDY6hGMiSZg=
github.com/henriqueleite42/anvil/language-helpers/golang v0.0.0-20241027182947-2f3b399e3445/go.mod h1:1aCAFI8VjcMPFPPx55qS1gV768EL24uu7veUx1SsPpE=
github.com/henriqueleite42/anvil/language-helpers/golang v0.0.0-20241028121601-8fddab0e2ee0 h1:YILpttQHlTi2laObKkt26w02bRKQob0RLYRMo8dZwZ4=
github.com/henriqueleite42/anvil/language-helpers/golang v0.0.0-20241028121601-8fddab0e2ee0/go.mod h1:1aCAFI8VjcMPFPPx55qS1gV768EL24uu7veUx1SsPpE=
github.com/henriqueleite42/anvil/language-helpers/golang v0.0.0-20241029034704-34b722e70e33 h1:t/vyoa886pS9dGe2IY9l/B7yoE6UCYI0Ogm5i6JtWb0=
github.com/henriqueleite42/anvil/language-helpers/golang v0.0.0-20241029034704-34b722e70e33/go.mod h1:1aCAFI8VjcMPFPPx55qS1gV768EL24uu7veUx1SsPpE=
github.com/henriqueleite42/anvil/language-helpers/golang v0.0.0-20241029034942-037f02c794ff h1:oQyFQZAXiW807ZRixovXqEfTjgOJWigvDYaRWmsToiI=
github.com/henriqueleite42/anvil/language-helpers/golang v0.0.0-20241029034942-037f02c794ff/go.mod h1:1aCAFI8VjcMPFPPx55qS1gV768EL24uu7veUx1SsPpE=
github.com/henriqueleite42/anvil/language-helpers/golang v0.0.0-20241029040126-c70c1c842b47 h1:Gd+hRkznu+pLn5dlY+sPT7ftu041lO3Y65BVnOEtBrg=
github.com/henriqueleite42/anvil/language-helpers/golang v0.0.0-20241029040126-c70c1c842b47/go.mod h1:1aCAFI8VjcMPFPPx55qS1gV768EL24uu7veUx1SsPpE=
gopkg.in/check.v1 v0.0.0-20161208181325-20d25e280405 h1:yhCVgyC4o1eVCa2tZl7eS0r+SDo693bJlVdllGtEeKM=
gopkg.in/check.v1 v0.0.0-20161208181325-20d25e280405/go.mod h1:Co6ibVJAznAaIkqp8huTwlJQCZ016jof/cbN4VW5Yz0=
gopkg.in/yaml.v3 v3.0.1 h1:fxVm/GzAzEWqLHuvctI91KS9hhNmmWOoWu0XTYJS7CA=
gopkg.in/yaml.v3 v3.0.1/go.mod h1:K4uyk7z7BCEPqu6E+C64Yfv1cQ7kz7rIZviUmN+EgEM=
